
Microsoft Visual Studio Solution File, Format Version 12.00
# Visual Studio Version 16
VisualStudioVersion = 16.0.31112.23
MinimumVisualStudioVersion = 10.0.40219.1
Project("{9A19103F-16F7-4668-BE54-9A1E7A4F7556}") = "DS_ChangesSearch.v1", "ChangesSearch_FW5.0\DS_ChangesSearch.v1.csproj", "{82358C72-EB7E-4B19-8A9D-9086BCE5261A}"
EndProject
Project("{FAE04EC0-301F-11D3-BF4B-00C04F79EFBC}") = "DS_FileSystem.v1", "FileSystemTools_FW4.7.2\DS_FileSystem.v1.csproj", "{A371419F-2F0A-49C4-A41C-E0A0EAE77844}"
EndProject
Project("{FAE04EC0-301F-11D3-BF4B-00C04F79EFBC}") = "DS_MainTools.v1", "MainTools_FW4.7.2\DS_MainTools.v1.csproj", "{A8F47095-3B89-4A64-9AC3-D5D8289BCDDF}"
EndProject
Project("{9A19103F-16F7-4668-BE54-9A1E7A4F7556}") = "C3DLayersDBTool", "..\DS_WPF\C3DLayersDBTool\C3DLayersDBTool.csproj", "{0B1245F3-F8A7-49C0-856F-1739BA462DDA}"
EndProject
Global
	GlobalSection(SolutionConfigurationPlatforms) = preSolution
		Debug|Any CPU = Debug|Any CPU
		Release|Any CPU = Release|Any CPU
	EndGlobalSection
	GlobalSection(ProjectConfigurationPlatforms) = postSolution
		{82358C72-EB7E-4B19-8A9D-9086BCE5261A}.Debug|Any CPU.ActiveCfg = Debug|Any CPU
		{82358C72-EB7E-4B19-8A9D-9086BCE5261A}.Release|Any CPU.ActiveCfg = Release|Any CPU
		{82358C72-EB7E-4B19-8A9D-9086BCE5261A}.Release|Any CPU.Build.0 = Release|Any CPU
		{A371419F-2F0A-49C4-A41C-E0A0EAE77844}.Debug|Any CPU.ActiveCfg = Debug|Any CPU
		{A371419F-2F0A-49C4-A41C-E0A0EAE77844}.Release|Any CPU.ActiveCfg = Release|Any CPU
		{A371419F-2F0A-49C4-A41C-E0A0EAE77844}.Release|Any CPU.Build.0 = Release|Any CPU
		{A8F47095-3B89-4A64-9AC3-D5D8289BCDDF}.Debug|Any CPU.ActiveCfg = Release|Any CPU
		{A8F47095-3B89-4A64-9AC3-D5D8289BCDDF}.Debug|Any CPU.Build.0 = Release|Any CPU
		{A8F47095-3B89-4A64-9AC3-D5D8289BCDDF}.Release|Any CPU.ActiveCfg = Release|Any CPU
		{A8F47095-3B89-4A64-9AC3-D5D8289BCDDF}.Release|Any CPU.Build.0 = Release|Any CPU
		{0B1245F3-F8A7-49C0-856F-1739BA462DDA}.Debug|Any CPU.ActiveCfg = Debug|Any CPU
		{0B1245F3-F8A7-49C0-856F-1739BA462DDA}.Debug|Any CPU.Build.0 = Debug|Any CPU
		{0B1245F3-F8A7-49C0-856F-1739BA462DDA}.Release|Any CPU.ActiveCfg = Release|Any CPU
		{0B1245F3-F8A7-49C0-856F-1739BA462DDA}.Release|Any CPU.Build.0 = Release|Any CPU
	EndGlobalSection
	GlobalSection(SolutionProperties) = preSolution
		HideSolutionNode = FALSE
	EndGlobalSection
	GlobalSection(ExtensibilityGlobals) = postSolution
		SolutionGuid = {84298BBA-421D-4898-B7ED-F8FF2D51373D}
	EndGlobalSection
EndGlobal
