
Microsoft Visual Studio Solution File, Format Version 12.00
# Visual Studio Version 17
VisualStudioVersion = 17.2.32516.85
MinimumVisualStudioVersion = 10.0.40219.1
Project("{FAE04EC0-301F-11D3-BF4B-00C04F79EFBC}") = "Implementation", "Implementation\Implementation.csproj", "{18FA3326-653A-46B4-A17F-76F1EA2D06B8}"
EndProject
Project("{FAE04EC0-301F-11D3-BF4B-00C04F79EFBC}") = "AStarAlgorythm", "AStarAlgorythm\AStarAlgorythm.csproj", "{F8BE5004-2CDC-45F5-8CCC-6BFD7AE47A2E}"
EndProject
Project("{FAE04EC0-301F-11D3-BF4B-00C04F79EFBC}") = "WaveAlgorythm", "WaveAlgorythm\WaveAlgorythm.csproj", "{03BCE5EF-41E4-4706-9546-D54BBF5EAEB7}"
EndProject
Project("{FAE04EC0-301F-11D3-BF4B-00C04F79EFBC}") = "FrancoGustavo", "FrancoGustavo\FrancoGustavo.csproj", "{F42C671B-41AF-4CD6-8DA8-C75EAE032D73}"
EndProject
Project("{FAE04EC0-301F-11D3-BF4B-00C04F79EFBC}") = "HPA", "HPA\HPA.csproj", "{DC2C8145-619F-450E-8DE8-1806CE4204DF}"
EndProject
Project("{2150E333-8FDC-42A3-9474-1A3956D46DE8}") = "Original", "Original", "{C7EDB20A-237D-471B-A532-9FED5FC9D428}"
EndProject
Project("{FAE04EC0-301F-11D3-BF4B-00C04F79EFBC}") = "FG.AStar.Original", "FG.AStar.Original\FG.AStar.Original.csproj", "{C860269C-831F-44D5-916F-A03BF2DA513A}"
EndProject
Project("{9A19103F-16F7-4668-BE54-9A1E7A4F7556}") = "Benchmark", "ConsoleApp1\Benchmark.csproj", "{8FB8276C-6C24-452D-ABD7-4E20E27E575C}"
EndProject
Project("{FAE04EC0-301F-11D3-BF4B-00C04F79EFBC}") = "PathFindTest", "FrancoGustavoTest\PathFindTest.csproj", "{0F079D0A-F7C2-40E8-B109-40B20DE23D83}"
EndProject
Global
	GlobalSection(SolutionConfigurationPlatforms) = preSolution
		Debug|Any CPU = Debug|Any CPU
		Release|Any CPU = Release|Any CPU
	EndGlobalSection
	GlobalSection(ProjectConfigurationPlatforms) = postSolution
		{18FA3326-653A-46B4-A17F-76F1EA2D06B8}.Debug|Any CPU.ActiveCfg = Debug|Any CPU
		{18FA3326-653A-46B4-A17F-76F1EA2D06B8}.Release|Any CPU.ActiveCfg = Release|Any CPU
		{F8BE5004-2CDC-45F5-8CCC-6BFD7AE47A2E}.Debug|Any CPU.ActiveCfg = Debug|Any CPU
		{F8BE5004-2CDC-45F5-8CCC-6BFD7AE47A2E}.Release|Any CPU.ActiveCfg = Release|Any CPU
		{03BCE5EF-41E4-4706-9546-D54BBF5EAEB7}.Debug|Any CPU.ActiveCfg = Debug|Any CPU
		{03BCE5EF-41E4-4706-9546-D54BBF5EAEB7}.Release|Any CPU.ActiveCfg = Release|Any CPU
		{F42C671B-41AF-4CD6-8DA8-C75EAE032D73}.Debug|Any CPU.ActiveCfg = Debug|Any CPU
		{F42C671B-41AF-4CD6-8DA8-C75EAE032D73}.Debug|Any CPU.Build.0 = Debug|Any CPU
		{F42C671B-41AF-4CD6-8DA8-C75EAE032D73}.Release|Any CPU.ActiveCfg = Release|Any CPU
		{F42C671B-41AF-4CD6-8DA8-C75EAE032D73}.Release|Any CPU.Build.0 = Release|Any CPU
		{DC2C8145-619F-450E-8DE8-1806CE4204DF}.Debug|Any CPU.ActiveCfg = Debug|Any CPU
		{DC2C8145-619F-450E-8DE8-1806CE4204DF}.Release|Any CPU.ActiveCfg = Release|Any CPU
		{C860269C-831F-44D5-916F-A03BF2DA513A}.Debug|Any CPU.ActiveCfg = Debug|Any CPU
		{C860269C-831F-44D5-916F-A03BF2DA513A}.Debug|Any CPU.Build.0 = Debug|Any CPU
		{C860269C-831F-44D5-916F-A03BF2DA513A}.Release|Any CPU.ActiveCfg = Release|Any CPU
		{C860269C-831F-44D5-916F-A03BF2DA513A}.Release|Any CPU.Build.0 = Release|Any CPU
		{8FB8276C-6C24-452D-ABD7-4E20E27E575C}.Debug|Any CPU.ActiveCfg = Debug|Any CPU
		{8FB8276C-6C24-452D-ABD7-4E20E27E575C}.Debug|Any CPU.Build.0 = Debug|Any CPU
		{8FB8276C-6C24-452D-ABD7-4E20E27E575C}.Release|Any CPU.ActiveCfg = Release|Any CPU
		{8FB8276C-6C24-452D-ABD7-4E20E27E575C}.Release|Any CPU.Build.0 = Release|Any CPU
		{0F079D0A-F7C2-40E8-B109-40B20DE23D83}.Debug|Any CPU.ActiveCfg = Debug|Any CPU
		{0F079D0A-F7C2-40E8-B109-40B20DE23D83}.Debug|Any CPU.Build.0 = Debug|Any CPU
		{0F079D0A-F7C2-40E8-B109-40B20DE23D83}.Release|Any CPU.ActiveCfg = Release|Any CPU
		{0F079D0A-F7C2-40E8-B109-40B20DE23D83}.Release|Any CPU.Build.0 = Release|Any CPU
	EndGlobalSection
	GlobalSection(SolutionProperties) = preSolution
		HideSolutionNode = FALSE
	EndGlobalSection
	GlobalSection(NestedProjects) = preSolution
		{C860269C-831F-44D5-916F-A03BF2DA513A} = {C7EDB20A-237D-471B-A532-9FED5FC9D428}
	EndGlobalSection
	GlobalSection(ExtensibilityGlobals) = postSolution
		SolutionGuid = {F8008065-A283-440C-8C4D-57BB36261B33}
	EndGlobalSection
EndGlobal
